Microsoft Visual Studio Solution File, Format Version 12.00
# Visual Studio Version 17
VisualStudioVersion = 17.5.2.0
MinimumVisualStudioVersion = 10.0.40219.1
Project("{FAE04EC0-301F-11D3-BF4B-00C04F79EFBC}") = "EFCoreDemo", "EFCoreDemo.csproj", "{E9F841E3-E985-A09E-A76B-FEDBF7B1A5BA}"
EndProject
Global
	GlobalSection(SolutionConfigurationPlatforms) = preSolution
		Debug|Any CPU = Debug|Any CPU
		Release|Any CPU = Release|Any CPU
	EndGlobalSection
	GlobalSection(ProjectConfigurationPlatforms) = postSolution
		{E9F841E3-E985-A09E-A76B-FEDBF7B1A5BA}.Debug|Any CPU.ActiveCfg = Debug|Any CPU
		{E9F841E3-E985-A09E-A76B-FEDBF7B1A5BA}.Debug|Any CPU.Build.0 = Debug|Any CPU
		{E9F841E3-E985-A09E-A76B-FEDBF7B1A5BA}.Release|Any CPU.ActiveCfg = Release|Any CPU
		{E9F841E3-E985-A09E-A76B-FEDBF7B1A5BA}.Release|Any CPU.Build.0 = Release|Any CPU
	EndGlobalSection
	GlobalSection(SolutionProperties) = preSolution
		HideSolutionNode = FALSE
	EndGlobalSection
	GlobalSection(ExtensibilityGlobals) = postSolution
		SolutionGuid = {7BDEF15F-5616-478C-9EF9-8FE6469F8EA5}
	EndGlobalSection
EndGlobal
